
Microsoft Visual Studio Solution File, Format Version 12.00
# Visual Studio 15
VisualStudioVersion = 15.0.28307.902
MinimumVisualStudioVersion = 10.0.40219.1
Project("{FAE04EC0-301F-11D3-BF4B-00C04F79EFBC}") = "ObiletcomProject", "ObiletcomProject\ObiletcomProject.csproj", "{C52E50EC-58D7-4088-BCAC-F681C8D3A544}"
EndProject
Project("{FAE04EC0-301F-11D3-BF4B-00C04F79EFBC}") = "ObiletcomProject.Entities", "ObiletcomProject.Entities\ObiletcomProject.Entities.csproj", "{22FC0CBB-32B7-4FF1-9AC9-13885F006FFF}"
EndProject
Project("{FAE04EC0-301F-11D3-BF4B-00C04F79EFBC}") = "ObiletcomProject.BusinessLayer", "ObiletcomProject.BusinessLayer\ObiletcomProject.BusinessLayer.csproj", "{3203F76D-1A28-4376-B347-214E6128EE3C}"
EndProject
Global
	GlobalSection(SolutionConfigurationPlatforms) = preSolution
		Debug|Any CPU = Debug|Any CPU
		Release|Any CPU = Release|Any CPU
	EndGlobalSection
	GlobalSection(ProjectConfigurationPlatforms) = postSolution
		{C52E50EC-58D7-4088-BCAC-F681C8D3A544}.Debug|Any CPU.ActiveCfg = Debug|Any CPU
		{C52E50EC-58D7-4088-BCAC-F681C8D3A544}.Debug|Any CPU.Build.0 = Debug|Any CPU
		{C52E50EC-58D7-4088-BCAC-F681C8D3A544}.Release|Any CPU.ActiveCfg = Release|Any CPU
		{C52E50EC-58D7-4088-BCAC-F681C8D3A544}.Release|Any CPU.Build.0 = Release|Any CPU
		{22FC0CBB-32B7-4FF1-9AC9-13885F006FFF}.Debug|Any CPU.ActiveCfg = Debug|Any CPU
		{22FC0CBB-32B7-4FF1-9AC9-13885F006FFF}.Debug|Any CPU.Build.0 = Debug|Any CPU
		{22FC0CBB-32B7-4FF1-9AC9-13885F006FFF}.Release|Any CPU.ActiveCfg = Release|Any CPU
		{22FC0CBB-32B7-4FF1-9AC9-13885F006FFF}.Release|Any CPU.Build.0 = Release|Any CPU
		{3203F76D-1A28-4376-B347-214E6128EE3C}.Debug|Any CPU.ActiveCfg = Debug|Any CPU
		{3203F76D-1A28-4376-B347-214E6128EE3C}.Debug|Any CPU.Build.0 = Debug|Any CPU
		{3203F76D-1A28-4376-B347-214E6128EE3C}.Release|Any CPU.ActiveCfg = Release|Any CPU
		{3203F76D-1A28-4376-B347-214E6128EE3C}.Release|Any CPU.Build.0 = Release|Any CPU
	EndGlobalSection
	GlobalSection(SolutionProperties) = preSolution
		HideSolutionNode = FALSE
	EndGlobalSection
	GlobalSection(ExtensibilityGlobals) = postSolution
		SolutionGuid = {5DBBF722-1188-4123-9868-E98E2DDC4A30}
	EndGlobalSection
EndGlobal
